
Microsoft Visual Studio Solution File, Format Version 12.00
# Visual Studio 15
VisualStudioVersion = 15.0.28307.779
MinimumVisualStudioVersion = 10.0.40219.1
Project("{FAE04EC0-301F-11D3-BF4B-00C04F79EFBC}") = "Blank SFML.Net", "Blank SFML.Net\Blank SFML.Net.csproj", "{24FDEF7E-B26A-44F9-AD93-490B26C07D46}"
EndProject
Global
	GlobalSection(SolutionConfigurationPlatforms) = preSolution
		Debug|Any CPU = Debug|Any CPU
		Debug|x64 = Debug|x64
		Release|Any CPU = Release|Any CPU
		Release|x64 = Release|x64
	EndGlobalSection
	GlobalSection(ProjectConfigurationPlatforms) = postSolution
		{24FDEF7E-B26A-44F9-AD93-490B26C07D46}.Debug|Any CPU.ActiveCfg = Debug|Any CPU
		{24FDEF7E-B26A-44F9-AD93-490B26C07D46}.Debug|Any CPU.Build.0 = Debug|Any CPU
		{24FDEF7E-B26A-44F9-AD93-490B26C07D46}.Debug|x64.ActiveCfg = Debug|x64
		{24FDEF7E-B26A-44F9-AD93-490B26C07D46}.Debug|x64.Build.0 = Debug|x64
		{24FDEF7E-B26A-44F9-AD93-490B26C07D46}.Release|Any CPU.ActiveCfg = Release|Any CPU
		{24FDEF7E-B26A-44F9-AD93-490B26C07D46}.Release|Any CPU.Build.0 = Release|Any CPU
		{24FDEF7E-B26A-44F9-AD93-490B26C07D46}.Release|x64.ActiveCfg = Release|x64
		{24FDEF7E-B26A-44F9-AD93-490B26C07D46}.Release|x64.Build.0 = Release|x64
	EndGlobalSection
	GlobalSection(SolutionProperties) = preSolution
		HideSolutionNode = FALSE
	EndGlobalSection
	GlobalSection(ExtensibilityGlobals) = postSolution
		SolutionGuid = {94BEBB83-F15F-45EE-821E-3D6CAB7A52ED}
	EndGlobalSection
EndGlobal
